
Microsoft Visual Studio Solution File, Format Version 12.00
Project("{FAE04EC0-301F-11D3-BF4B-00C04F79EFBC}") = "HFSExtract", "HFSExtract\HFSExtract.csproj", "{4AC9378E-76AC-417F-9547-0F8A0C8575C5}"
EndProject
Project("{FAE04EC0-301F-11D3-BF4B-00C04F79EFBC}") = "HFSExtract.CLI", "HFSExtract.CLI\HFSExtract.CLI.csproj", "{0FA226DF-E773-415C-B20C-51F49964B67D}"
EndProject
Global
	GlobalSection(SolutionConfigurationPlatforms) = preSolution
		Debug|Any CPU = Debug|Any CPU
		Release|Any CPU = Release|Any CPU
	EndGlobalSection
	GlobalSection(ProjectConfigurationPlatforms) = postSolution
		{4AC9378E-76AC-417F-9547-0F8A0C8575C5}.Debug|Any CPU.ActiveCfg = Debug|Any CPU
		{4AC9378E-76AC-417F-9547-0F8A0C8575C5}.Debug|Any CPU.Build.0 = Debug|Any CPU
		{4AC9378E-76AC-417F-9547-0F8A0C8575C5}.Release|Any CPU.ActiveCfg = Release|Any CPU
		{4AC9378E-76AC-417F-9547-0F8A0C8575C5}.Release|Any CPU.Build.0 = Release|Any CPU
		{0FA226DF-E773-415C-B20C-51F49964B67D}.Debug|Any CPU.ActiveCfg = Debug|Any CPU
		{0FA226DF-E773-415C-B20C-51F49964B67D}.Debug|Any CPU.Build.0 = Debug|Any CPU
		{0FA226DF-E773-415C-B20C-51F49964B67D}.Release|Any CPU.ActiveCfg = Release|Any CPU
		{0FA226DF-E773-415C-B20C-51F49964B67D}.Release|Any CPU.Build.0 = Release|Any CPU
	EndGlobalSection
EndGlobal
